{
	"name": "coyote",
	"version": "0.1.0",
	"lockfileVersion": 3,
	"requires": true,
	"packages": {
		"": {
			"name": "coyote",
			"version": "0.1.0",
			"license": "BSD-3-Clause",
			"devDependencies": {
				"jackrabbit": "github:wolfpup-software/jackrabbit-js",
				"prettier": "^3.3.3",
				"typescript": "^5.6.3"
			}
		},
		"node_modules/jackrabbit": {
			"resolved": "git+ssh://git@github.com/wolfpup-software/jackrabbit-js.git#40a672d1e430b8650ec3d95b7df87774134afe50",
			"dev": true,
			"workspaces": [
				"core",
				"cli",
				"nodejs_cli",
				"tests"
			]
		},
		"node_modules/prettier": {
			"version": "3.4.2",
			"resolved": "https://registry.npmjs.org/prettier/-/prettier-3.4.2.tgz",
			"integrity": "sha512-e9MewbtFo+Fevyuxn/4rrcDAaq0IYxPGLvObpQjiZBMAzB9IGmzlnG9RZy3FFas+eBMu2vA0CszMeduow5dIuQ==",
			"dev": true,
			"license": "MIT",
			"bin": {
				"prettier": "bin/prettier.cjs"
			},
			"engines": {
				"node": ">=14"
			},
			"funding": {
				"url": "https://github.com/prettier/prettier?sponsor=1"
			}
		},
		"node_modules/typescript": {
			"version": "5.7.3",
			"resolved": "https://registry.npmjs.org/typescript/-/typescript-5.7.3.tgz",
			"integrity": "sha512-84MVSjMEHP+FQRPy3pX9sTVV/INIex71s9TL2Gm5FG/WG1SqXeKyZ0k7/blY/4FdOzI12CBy1vGc4og/eus0fw==",
			"dev": true,
			"license": "Apache-2.0",
			"bin": {
				"tsc": "bin/tsc",
				"tsserver": "bin/tsserver"
			},
			"engines": {
				"node": ">=14.17"
			}
		}
	}
}
